{
  "version": 4,
  "terraform_version": "1.5.6",
  "serial": 18,
  "lineage": "ee77d5af-7c82-cb73-dac7-793c38039acc",
  "outputs": {},
  "resources": [
    {
      "module": "module.huggingface_sagemaker",
      "mode": "managed",
      "type": "aws_iam_role",
      "name": "new_role",
      "provider": "provider[\"registry.terraform.io/hashicorp/aws\"]",
      "instances": [
        {
          "index_key": 0,
          "schema_version": 0,
          "attributes": {
            "arn": "arn:aws:iam::696771984645:role/llm-v2-production-sagemaker-execution-role-gysartzw",
            "assume_role_policy": "{\"Statement\":[{\"Action\":\"sts:AssumeRole\",\"Effect\":\"Allow\",\"Principal\":{\"Service\":\"sagemaker.amazonaws.com\"}}],\"Version\":\"2012-10-17\"}",
            "create_date": "2023-10-30T11:04:31Z",
            "description": "",
            "force_detach_policies": false,
            "id": "llm-v2-production-sagemaker-execution-role-gysartzw",
            "inline_policy": [
              {
                "name": "terraform-inferences-policy",
                "policy": "{\"Version\":\"2012-10-17\",\"Statement\":[{\"Action\":[\"cloudwatch:PutMetricData\",\"logs:CreateLogStream\",\"logs:PutLogEvents\",\"logs:CreateLogGroup\",\"logs:DescribeLogStreams\",\"s3:GetObject\",\"s3:PutObject\",\"s3:ListBucket\",\"ecr:GetAuthorizationToken\",\"ecr:BatchCheckLayerAvailability\",\"ecr:GetDownloadUrlForLayer\",\"ecr:BatchGetImage\",\"ec2:DescribeVpcEndpoints\",\"ec2:DescribeDhcpOptions\",\"ec2:DescribeVpcs\",\"ec2:DescribeSubnets\",\"ec2:DescribeSecurityGroups\",\"ec2:DescribeNetworkInterfaces\",\"ec2:DeleteNetworkInterfacePermission\",\"ec2:DeleteNetworkInterface\",\"ec2:CreateNetworkInterfacePermission\",\"ec2:CreateNetworkInterface\",\"ec2:*\"],\"Effect\":\"Allow\",\"Resource\":\"*\"}]}"
              }
            ],
            "managed_policy_arns": [],
            "max_session_duration": 3600,
            "name": "llm-v2-production-sagemaker-execution-role-gysartzw",
            "name_prefix": "",
            "path": "/",
            "permissions_boundary": "",
            "tags": null,
            "tags_all": {},
            "unique_id": "AROA2EOWYXUCSGZSRMLO2"
          },
          "sensitive_attributes": [],
          "private": "bnVsbA==",
          "dependencies": [
            "module.huggingface_sagemaker.random_string.ressource_id"
          ]
        }
      ]
    },
    {
      "module": "module.huggingface_sagemaker",
      "mode": "managed",
      "type": "aws_sagemaker_endpoint",
      "name": "huggingface",
      "provider": "provider[\"registry.terraform.io/hashicorp/aws\"]",
      "instances": [
        {
          "schema_version": 0,
          "attributes": {
            "arn": "arn:aws:sagemaker:us-east-1:696771984645:endpoint/llm-v2-production-ep-gysartzw",
            "deployment_config": [],
            "endpoint_config_name": "llm-v2-production-ep-config-gysartzw",
            "id": "llm-v2-production-ep-gysartzw",
            "name": "llm-v2-production-ep-gysartzw",
            "tags": null,
            "tags_all": {}
          },
          "sensitive_attributes": [],
          "private": "bnVsbA==",
          "dependencies": [
            "module.huggingface_sagemaker.aws_iam_role.new_role",
            "module.huggingface_sagemaker.aws_sagemaker_endpoint_configuration.huggingface",
            "module.huggingface_sagemaker.aws_sagemaker_endpoint_configuration.huggingface_async",
            "module.huggingface_sagemaker.aws_sagemaker_endpoint_configuration.huggingface_serverless",
            "module.huggingface_sagemaker.aws_sagemaker_model.model_with_hub_model",
            "module.huggingface_sagemaker.aws_sagemaker_model.model_with_model_artifact",
            "module.huggingface_sagemaker.data.aws_iam_role.get_role",
            "module.huggingface_sagemaker.data.aws_sagemaker_prebuilt_ecr_image.deploy_image",
            "module.huggingface_sagemaker.random_string.ressource_id"
          ]
        }
      ]
    },
    {
      "module": "module.huggingface_sagemaker",
      "mode": "managed",
      "type": "aws_sagemaker_endpoint_configuration",
      "name": "huggingface",
      "provider": "provider[\"registry.terraform.io/hashicorp/aws\"]",
      "instances": [
        {
          "index_key": 0,
          "schema_version": 0,
          "attributes": {
            "arn": "arn:aws:sagemaker:us-east-1:696771984645:endpoint-config/llm-v2-production-ep-config-gysartzw",
            "async_inference_config": [],
            "data_capture_config": [],
            "id": "llm-v2-production-ep-config-gysartzw",
            "kms_key_arn": "",
            "name": "llm-v2-production-ep-config-gysartzw",
            "name_prefix": "",
            "production_variants": [
              {
                "accelerator_type": "",
                "container_startup_health_check_timeout_in_seconds": 0,
                "core_dump_config": [],
                "enable_ssm_access": false,
                "initial_instance_count": 1,
                "initial_variant_weight": 1,
                "instance_type": "ml.g5.2xlarge",
                "model_data_download_timeout_in_seconds": 0,
                "model_name": "llm-v2-production-model-gysartzw",
                "serverless_config": [],
                "variant_name": "AllTraffic",
                "volume_size_in_gb": 0
              }
            ],
            "shadow_production_variants": [],
            "tags": null,
            "tags_all": {}
          },
          "sensitive_attributes": [],
          "private": "bnVsbA==",
          "dependencies": [
            "module.huggingface_sagemaker.aws_iam_role.new_role",
            "module.huggingface_sagemaker.aws_sagemaker_model.model_with_hub_model",
            "module.huggingface_sagemaker.aws_sagemaker_model.model_with_model_artifact",
            "module.huggingface_sagemaker.data.aws_iam_role.get_role",
            "module.huggingface_sagemaker.data.aws_sagemaker_prebuilt_ecr_image.deploy_image",
            "module.huggingface_sagemaker.random_string.ressource_id"
          ]
        }
      ]
    },
    {
      "module": "module.huggingface_sagemaker",
      "mode": "managed",
      "type": "aws_sagemaker_model",
      "name": "model_with_hub_model",
      "provider": "provider[\"registry.terraform.io/hashicorp/aws\"]",
      "instances": [
        {
          "index_key": 0,
          "schema_version": 0,
          "attributes": {
            "arn": "arn:aws:sagemaker:us-east-1:696771984645:model/llm-v2-production-model-gysartzw",
            "container": [],
            "enable_network_isolation": false,
            "execution_role_arn": "arn:aws:iam::696771984645:role/llm-v2-production-sagemaker-execution-role-gysartzw",
            "id": "llm-v2-production-model-gysartzw",
            "inference_execution_config": [],
            "name": "llm-v2-production-model-gysartzw",
            "primary_container": [
              {
                "container_hostname": "",
                "environment": {
                  "HF_API_TOKEN": "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",
                  "HF_MODEL_ID": "tangibly-org/tangibly-patents-v2",
                  "HF_MODEL_QUANTIZE": "bitsandbytes-nf4",
                  "HF_TASK": "text-generation",
                  "MAX_INPUT_LENGTH": "2048",
                  "MAX_TOTAL_TOKENS": "4096",
                  "SM_NUM_GPUS": "1"
                },
                "image": "763104351884.dkr.ecr.us-east-1.amazonaws.com/huggingface-pytorch-tgi-inference:2.0.1-tgi1.1.0-gpu-py39-cu118-ubuntu20.04",
                "image_config": [],
                "mode": "SingleModel",
                "model_data_url": "",
                "model_package_name": ""
              }
            ],
            "tags": null,
            "tags_all": {},
            "vpc_config": [
              {
                "security_group_ids": [
                  "sg-0a97fcb3a1c583988"
                ],
                "subnets": [
                  "subnet-03568d0cc4f7b60ab"
                ]
              }
            ]
          },
          "sensitive_attributes": [],
          "private": "bnVsbA==",
          "dependencies": [
            "module.huggingface_sagemaker.aws_iam_role.new_role",
            "module.huggingface_sagemaker.data.aws_iam_role.get_role",
            "module.huggingface_sagemaker.data.aws_sagemaker_prebuilt_ecr_image.deploy_image",
            "module.huggingface_sagemaker.random_string.ressource_id"
          ]
        }
      ]
    },
    {
      "module": "module.huggingface_sagemaker",
      "mode": "managed",
      "type": "random_string",
      "name": "ressource_id",
      "provider": "provider[\"registry.terraform.io/hashicorp/random\"]",
      "instances": [
        {
          "schema_version": 2,
          "attributes": {
            "id": "gysartzw",
            "keepers": null,
            "length": 8,
            "lower": true,
            "min_lower": 0,
            "min_numeric": 0,
            "min_special": 0,
            "min_upper": 0,
            "number": false,
            "numeric": false,
            "override_special": null,
            "result": "gysartzw",
            "special": false,
            "upper": false
          },
          "sensitive_attributes": []
        }
      ]
    }
  ],
  "check_results": null
}
