{
  "version": 4,
  "terraform_version": "1.5.6",
  "serial": 123,
  "lineage": "5f5fe49e-9753-dd7a-868a-6317c2ff85b7",
  "outputs": {},
  "resources": [
    {
      "mode": "managed",
      "type": "aws_s3_bucket",
      "name": "async_inference_bucket",
      "provider": "provider[\"registry.terraform.io/hashicorp/aws\"]",
      "instances": [
        {
          "schema_version": 0,
          "attributes": {
            "acceleration_status": "",
            "acl": null,
            "arn": "arn:aws:s3:::sagemaker-model-inference",
            "bucket": "sagemaker-model-inference",
            "bucket_domain_name": "sagemaker-model-inference.s3.amazonaws.com",
            "bucket_prefix": "",
            "bucket_regional_domain_name": "sagemaker-model-inference.s3.us-east-1.amazonaws.com",
            "cors_rule": [],
            "force_destroy": false,
            "grant": [
              {
                "id": "4651044932dc07ba296ab7f7cde3ee0dff9fdb8783ad3482366408f2e5be4afd",
                "permissions": [
                  "FULL_CONTROL"
                ],
                "type": "CanonicalUser",
                "uri": ""
              }
            ],
            "hosted_zone_id": "Z3AQBSTGFYJSTF",
            "id": "sagemaker-model-inference",
            "lifecycle_rule": [],
            "logging": [],
            "object_lock_configuration": [],
            "object_lock_enabled": false,
            "policy": "",
            "region": "us-east-1",
            "replication_configuration": [],
            "request_payer": "BucketOwner",
            "server_side_encryption_configuration": [
              {
                "rule": [
                  {
                    "apply_server_side_encryption_by_default": [
                      {
                        "kms_master_key_id": "",
                        "sse_algorithm": "AES256"
                      }
                    ],
                    "bucket_key_enabled": false
                  }
                ]
              }
            ],
            "tags": {},
            "tags_all": {},
            "timeouts": null,
            "versioning": [
              {
                "enabled": false,
                "mfa_delete": false
              }
            ],
            "website": [],
            "website_domain": null,
            "website_endpoint": null
          },
          "sensitive_attributes": [],
          "private": "eyJlMmJmYjczMC1lY2FhLTExZTYtOGY4OC0zNDM2M2JjN2M0YzAiOnsiY3JlYXRlIjoxMjAwMDAwMDAwMDAwLCJkZWxldGUiOjM2MDAwMDAwMDAwMDAsInJlYWQiOjEyMDAwMDAwMDAwMDAsInVwZGF0ZSI6MTIwMDAwMDAwMDAwMH19"
        }
      ]
    },
    {
      "mode": "managed",
      "type": "aws_s3_bucket_lifecycle_configuration",
      "name": "bucket-config",
      "provider": "provider[\"registry.terraform.io/hashicorp/aws\"]",
      "instances": [
        {
          "schema_version": 0,
          "attributes": {
            "bucket": "sagemaker-model-inference",
            "expected_bucket_owner": "",
            "id": "sagemaker-model-inference",
            "rule": [
              {
                "abort_incomplete_multipart_upload": [],
                "expiration": [
                  {
                    "date": "",
                    "days": 1,
                    "expired_object_delete_marker": false
                  }
                ],
                "filter": [
                  {
                    "and": [],
                    "object_size_greater_than": "",
                    "object_size_less_than": "",
                    "prefix": "",
                    "tag": []
                  }
                ],
                "id": "auto-delete-objects",
                "noncurrent_version_expiration": [],
                "noncurrent_version_transition": [],
                "prefix": "",
                "status": "Enabled",
                "transition": []
              }
            ]
          },
          "sensitive_attributes": [],
          "private": "bnVsbA=="
        }
      ]
    },
    {
      "module": "module.huggingface_sagemaker",
      "mode": "managed",
      "type": "aws_appautoscaling_policy",
      "name": "sagemaker_custom_policy",
      "provider": "provider[\"registry.terraform.io/hashicorp/aws\"]",
      "instances": [
        {
          "index_key": 0,
          "schema_version": 0,
          "attributes": {
            "alarm_arns": [
              "arn:aws:cloudwatch:us-east-1:953009297807:alarm:TargetTracking-endpoint/tangibly-llm-v1-ep-byfzqybq/variant/AllTraffic-AlarmHigh-5a9e9b1c-079a-47b0-94af-1daf2c9111bf",
              "arn:aws:cloudwatch:us-east-1:953009297807:alarm:TargetTracking-endpoint/tangibly-llm-v1-ep-byfzqybq/variant/AllTraffic-AlarmLow-e26ea4bc-1a4a-4811-ad6b-8b2b4efe1d67"
            ],
            "arn": "arn:aws:autoscaling:us-east-1:953009297807:scalingPolicy:18ded075-3082-4416-8aa2-ce21928c1318:resource/sagemaker/endpoint/tangibly-llm-v1-ep-byfzqybq/variant/AllTraffic:policyName/tangibly-llm-v1-scaling-target-byfzqybq",
            "id": "tangibly-llm-v1-scaling-target-byfzqybq",
            "name": "tangibly-llm-v1-scaling-target-byfzqybq",
            "policy_type": "TargetTrackingScaling",
            "resource_id": "endpoint/tangibly-llm-v1-ep-byfzqybq/variant/AllTraffic",
            "scalable_dimension": "sagemaker:variant:DesiredInstanceCount",
            "service_namespace": "sagemaker",
            "step_scaling_policy_configuration": [],
            "target_tracking_scaling_policy_configuration": [
              {
                "customized_metric_specification": [
                  {
                    "dimensions": [
                      {
                        "name": "EndpointName",
                        "value": "tangibly-llm-v1-ep-byfzqybq"
                      }
                    ],
                    "metric_name": "HasBacklogWithoutCapacity",
                    "metrics": [],
                    "namespace": "AWS/SageMaker",
                    "statistic": "Maximum",
                    "unit": ""
                  }
                ],
                "disable_scale_in": false,
                "predefined_metric_specification": [],
                "scale_in_cooldown": 0,
                "scale_out_cooldown": 0,
                "target_value": 0.5
              }
            ]
          },
          "sensitive_attributes": [],
          "private": "bnVsbA==",
          "dependencies": [
            "module.huggingface_sagemaker.aws_appautoscaling_target.sagemaker_target",
            "module.huggingface_sagemaker.aws_iam_role.new_role",
            "module.huggingface_sagemaker.aws_sagemaker_endpoint.huggingface",
            "module.huggingface_sagemaker.aws_sagemaker_endpoint_configuration.huggingface",
            "module.huggingface_sagemaker.aws_sagemaker_endpoint_configuration.huggingface_async",
            "module.huggingface_sagemaker.aws_sagemaker_endpoint_configuration.huggingface_serverless",
            "module.huggingface_sagemaker.aws_sagemaker_model.model_with_hub_model",
            "module.huggingface_sagemaker.aws_sagemaker_model.model_with_model_artifact",
            "module.huggingface_sagemaker.data.aws_iam_role.get_role",
            "module.huggingface_sagemaker.data.aws_sagemaker_prebuilt_ecr_image.deploy_image",
            "module.huggingface_sagemaker.random_string.ressource_id"
          ]
        }
      ]
    },
    {
      "module": "module.huggingface_sagemaker",
      "mode": "managed",
      "type": "aws_appautoscaling_target",
      "name": "sagemaker_target",
      "provider": "provider[\"registry.terraform.io/hashicorp/aws\"]",
      "instances": [
        {
          "index_key": 0,
          "schema_version": 0,
          "attributes": {
            "arn": "arn:aws:application-autoscaling:us-east-1:953009297807:scalable-target/056m18ded075308244168aa2ce21928c1318",
            "id": "endpoint/tangibly-llm-v1-ep-byfzqybq/variant/AllTraffic",
            "max_capacity": 1,
            "min_capacity": 0,
            "resource_id": "endpoint/tangibly-llm-v1-ep-byfzqybq/variant/AllTraffic",
            "role_arn": "arn:aws:iam::953009297807:role/aws-service-role/sagemaker.application-autoscaling.amazonaws.com/AWSServiceRoleForApplicationAutoScaling_SageMakerEndpoint",
            "scalable_dimension": "sagemaker:variant:DesiredInstanceCount",
            "service_namespace": "sagemaker",
            "tags": null,
            "tags_all": {}
          },
          "sensitive_attributes": [],
          "private": "bnVsbA==",
          "dependencies": [
            "module.huggingface_sagemaker.aws_iam_role.new_role",
            "module.huggingface_sagemaker.aws_sagemaker_endpoint.huggingface",
            "module.huggingface_sagemaker.aws_sagemaker_endpoint_configuration.huggingface",
            "module.huggingface_sagemaker.aws_sagemaker_endpoint_configuration.huggingface_async",
            "module.huggingface_sagemaker.aws_sagemaker_endpoint_configuration.huggingface_serverless",
            "module.huggingface_sagemaker.aws_sagemaker_model.model_with_hub_model",
            "module.huggingface_sagemaker.aws_sagemaker_model.model_with_model_artifact",
            "module.huggingface_sagemaker.data.aws_iam_role.get_role",
            "module.huggingface_sagemaker.data.aws_sagemaker_prebuilt_ecr_image.deploy_image",
            "module.huggingface_sagemaker.random_string.ressource_id"
          ]
        }
      ]
    },
    {
      "module": "module.huggingface_sagemaker",
      "mode": "managed",
      "type": "aws_iam_role",
      "name": "new_role",
      "provider": "provider[\"registry.terraform.io/hashicorp/aws\"]",
      "instances": [
        {
          "index_key": 0,
          "schema_version": 0,
          "attributes": {
            "arn": "arn:aws:iam::953009297807:role/tangibly-llm-v1-sagemaker-execution-role-byfzqybq",
            "assume_role_policy": "{\"Statement\":[{\"Action\":\"sts:AssumeRole\",\"Effect\":\"Allow\",\"Principal\":{\"Service\":\"sagemaker.amazonaws.com\"}}],\"Version\":\"2012-10-17\"}",
            "create_date": "2023-09-19T08:40:28Z",
            "description": "",
            "force_detach_policies": false,
            "id": "tangibly-llm-v1-sagemaker-execution-role-byfzqybq",
            "inline_policy": [
              {
                "name": "terraform-inferences-policy",
                "policy": "{\"Version\":\"2012-10-17\",\"Statement\":[{\"Action\":[\"cloudwatch:PutMetricData\",\"logs:CreateLogStream\",\"logs:PutLogEvents\",\"logs:CreateLogGroup\",\"logs:DescribeLogStreams\",\"s3:GetObject\",\"s3:PutObject\",\"s3:ListBucket\",\"ecr:GetAuthorizationToken\",\"ecr:BatchCheckLayerAvailability\",\"ecr:GetDownloadUrlForLayer\",\"ecr:BatchGetImage\"],\"Effect\":\"Allow\",\"Resource\":\"*\"}]}"
              }
            ],
            "managed_policy_arns": [],
            "max_session_duration": 3600,
            "name": "tangibly-llm-v1-sagemaker-execution-role-byfzqybq",
            "name_prefix": "",
            "path": "/",
            "permissions_boundary": null,
            "tags": null,
            "tags_all": {},
            "unique_id": "AROA53Y6H3GHYTOGGYH5Y"
          },
          "sensitive_attributes": [],
          "private": "bnVsbA==",
          "dependencies": [
            "module.huggingface_sagemaker.random_string.ressource_id"
          ]
        }
      ]
    },
    {
      "module": "module.huggingface_sagemaker",
      "mode": "managed",
      "type": "aws_sagemaker_endpoint",
      "name": "huggingface",
      "provider": "provider[\"registry.terraform.io/hashicorp/aws\"]",
      "instances": [
        {
          "schema_version": 0,
          "attributes": {
            "arn": "arn:aws:sagemaker:us-east-1:953009297807:endpoint/tangibly-llm-v1-ep-byfzqybq",
            "deployment_config": [],
            "endpoint_config_name": "tangibly-llm-v1-ep-config-byfzqybq",
            "id": "tangibly-llm-v1-ep-byfzqybq",
            "name": "tangibly-llm-v1-ep-byfzqybq",
            "tags": null,
            "tags_all": {}
          },
          "sensitive_attributes": [],
          "private": "bnVsbA==",
          "dependencies": [
            "module.huggingface_sagemaker.aws_iam_role.new_role",
            "module.huggingface_sagemaker.aws_sagemaker_endpoint_configuration.huggingface",
            "module.huggingface_sagemaker.aws_sagemaker_endpoint_configuration.huggingface_async",
            "module.huggingface_sagemaker.aws_sagemaker_endpoint_configuration.huggingface_serverless",
            "module.huggingface_sagemaker.aws_sagemaker_model.model_with_hub_model",
            "module.huggingface_sagemaker.aws_sagemaker_model.model_with_model_artifact",
            "module.huggingface_sagemaker.data.aws_iam_role.get_role",
            "module.huggingface_sagemaker.data.aws_sagemaker_prebuilt_ecr_image.deploy_image",
            "module.huggingface_sagemaker.random_string.ressource_id"
          ]
        }
      ]
    },
    {
      "module": "module.huggingface_sagemaker",
      "mode": "managed",
      "type": "aws_sagemaker_endpoint_configuration",
      "name": "huggingface_async",
      "provider": "provider[\"registry.terraform.io/hashicorp/aws\"]",
      "instances": [
        {
          "index_key": 0,
          "schema_version": 0,
          "attributes": {
            "arn": "arn:aws:sagemaker:us-east-1:953009297807:endpoint-config/tangibly-llm-v1-ep-config-byfzqybq",
            "async_inference_config": [
              {
                "client_config": [],
                "output_config": [
                  {
                    "kms_key_id": "",
                    "notification_config": [],
                    "s3_failure_path": "",
                    "s3_output_path": "s3://sagemaker-model-inference/outputs"
                  }
                ]
              }
            ],
            "data_capture_config": [],
            "id": "tangibly-llm-v1-ep-config-byfzqybq",
            "kms_key_arn": "",
            "name": "tangibly-llm-v1-ep-config-byfzqybq",
            "name_prefix": "",
            "production_variants": [
              {
                "accelerator_type": "",
                "container_startup_health_check_timeout_in_seconds": 0,
                "core_dump_config": [],
                "enable_ssm_access": false,
                "initial_instance_count": 1,
                "initial_variant_weight": 1,
                "instance_type": "ml.g5.12xlarge",
                "model_data_download_timeout_in_seconds": 0,
                "model_name": "tangibly-llm-v1-model-byfzqybq",
                "serverless_config": [],
                "variant_name": "AllTraffic",
                "volume_size_in_gb": 0
              }
            ],
            "shadow_production_variants": [],
            "tags": null,
            "tags_all": {}
          },
          "sensitive_attributes": [],
          "private": "bnVsbA==",
          "dependencies": [
            "module.huggingface_sagemaker.aws_iam_role.new_role",
            "module.huggingface_sagemaker.aws_sagemaker_model.model_with_hub_model",
            "module.huggingface_sagemaker.aws_sagemaker_model.model_with_model_artifact",
            "module.huggingface_sagemaker.data.aws_iam_role.get_role",
            "module.huggingface_sagemaker.data.aws_sagemaker_prebuilt_ecr_image.deploy_image",
            "module.huggingface_sagemaker.random_string.ressource_id"
          ]
        }
      ]
    },
    {
      "module": "module.huggingface_sagemaker",
      "mode": "managed",
      "type": "aws_sagemaker_model",
      "name": "model_with_hub_model",
      "provider": "provider[\"registry.terraform.io/hashicorp/aws\"]",
      "instances": [
        {
          "index_key": 0,
          "schema_version": 0,
          "attributes": {
            "arn": "arn:aws:sagemaker:us-east-1:953009297807:model/tangibly-llm-v1-model-byfzqybq",
            "container": [],
            "enable_network_isolation": false,
            "execution_role_arn": "arn:aws:iam::953009297807:role/tangibly-llm-v1-sagemaker-execution-role-byfzqybq",
            "id": "tangibly-llm-v1-model-byfzqybq",
            "inference_execution_config": [],
            "name": "tangibly-llm-v1-model-byfzqybq",
            "primary_container": [
              {
                "container_hostname": "",
                "environment": {
                  "HF_API_TOKEN": "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",
                  "HF_MODEL_ID": "Moveo/tangibly-patents",
                  "HF_MODEL_QUANTIZE": "bitsandbytes",
                  "HF_TASK": "text-generation",
                  "MAX_INPUT_LENGTH": "1536",
                  "MAX_TOTAL_TOKENS": "2048",
                  "SM_NUM_GPUS": "4"
                },
                "image": "763104351884.dkr.ecr.us-east-1.amazonaws.com/huggingface-pytorch-tgi-inference:2.0.1-tgi0.9.3-gpu-py39-cu118-ubuntu20.04",
                "image_config": [],
                "mode": "SingleModel",
                "model_data_url": "",
                "model_package_name": ""
              }
            ],
            "tags": null,
            "tags_all": {},
            "vpc_config": []
          },
          "sensitive_attributes": [],
          "private": "bnVsbA==",
          "dependencies": [
            "module.huggingface_sagemaker.aws_iam_role.new_role",
            "module.huggingface_sagemaker.data.aws_iam_role.get_role",
            "module.huggingface_sagemaker.data.aws_sagemaker_prebuilt_ecr_image.deploy_image",
            "module.huggingface_sagemaker.random_string.ressource_id"
          ]
        }
      ]
    },
    {
      "module": "module.huggingface_sagemaker",
      "mode": "managed",
      "type": "random_string",
      "name": "ressource_id",
      "provider": "provider[\"registry.terraform.io/hashicorp/random\"]",
      "instances": [
        {
          "schema_version": 2,
          "attributes": {
            "id": "byfzqybq",
            "keepers": null,
            "length": 8,
            "lower": true,
            "min_lower": 0,
            "min_numeric": 0,
            "min_special": 0,
            "min_upper": 0,
            "number": false,
            "numeric": false,
            "override_special": null,
            "result": "byfzqybq",
            "special": false,
            "upper": false
          },
          "sensitive_attributes": []
        }
      ]
    }
  ],
  "check_results": null
}
