{
  "version": 4,
  "terraform_version": "1.5.6",
  "serial": 8,
  "lineage": "f080dbc7-247b-1213-30b0-11ad6fcd391e",
  "outputs": {},
  "resources": [
    {
      "module": "module.huggingface_sagemaker",
      "mode": "managed",
      "type": "aws_appautoscaling_policy",
      "name": "sagemaker_custom_policy",
      "provider": "provider[\"registry.terraform.io/hashicorp/aws\"]",
      "instances": [
        {
          "index_key": 0,
          "schema_version": 0,
          "attributes": {
            "alarm_arns": [
              "arn:aws:cloudwatch:us-east-1:953009297807:alarm:TargetTracking-endpoint/tangibly-llm-v1-ep-mrsnzkcv/variant/AllTraffic-AlarmHigh-5df2eb41-e41c-4925-8bcc-c2edd3736c82",
              "arn:aws:cloudwatch:us-east-1:953009297807:alarm:TargetTracking-endpoint/tangibly-llm-v1-ep-mrsnzkcv/variant/AllTraffic-AlarmLow-d9407b0b-9543-45f0-be7c-b9acc2e34eae"
            ],
            "arn": "arn:aws:autoscaling:us-east-1:953009297807:scalingPolicy:152445b2-2ce1-4545-9021-0b4445634d3b:resource/sagemaker/endpoint/tangibly-llm-v1-ep-mrsnzkcv/variant/AllTraffic:policyName/tangibly-llm-v1-scaling-target-mrsnzkcv",
            "id": "tangibly-llm-v1-scaling-target-mrsnzkcv",
            "name": "tangibly-llm-v1-scaling-target-mrsnzkcv",
            "policy_type": "TargetTrackingScaling",
            "resource_id": "endpoint/tangibly-llm-v1-ep-mrsnzkcv/variant/AllTraffic",
            "scalable_dimension": "sagemaker:variant:DesiredInstanceCount",
            "service_namespace": "sagemaker",
            "step_scaling_policy_configuration": [],
            "target_tracking_scaling_policy_configuration": [
              {
                "customized_metric_specification": [
                  {
                    "dimensions": [
                      {
                        "name": "EndpointName",
                        "value": "tangibly-llm-v1-ep-mrsnzkcv"
                      }
                    ],
                    "metric_name": "HasBacklogWithoutCapacity",
                    "metrics": [],
                    "namespace": "AWS/SageMaker",
                    "statistic": "Maximum",
                    "unit": ""
                  }
                ],
                "disable_scale_in": false,
                "predefined_metric_specification": [],
                "scale_in_cooldown": 1800,
                "scale_out_cooldown": 1800,
                "target_value": 0.5
              }
            ]
          },
          "sensitive_attributes": [],
          "private": "bnVsbA==",
          "dependencies": [
            "module.huggingface_sagemaker.aws_appautoscaling_target.sagemaker_target",
            "module.huggingface_sagemaker.aws_iam_role.new_role",
            "module.huggingface_sagemaker.aws_sagemaker_endpoint.huggingface",
            "module.huggingface_sagemaker.aws_sagemaker_endpoint_configuration.huggingface",
            "module.huggingface_sagemaker.aws_sagemaker_endpoint_configuration.huggingface_async",
            "module.huggingface_sagemaker.aws_sagemaker_endpoint_configuration.huggingface_serverless",
            "module.huggingface_sagemaker.aws_sagemaker_model.model_with_hub_model",
            "module.huggingface_sagemaker.aws_sagemaker_model.model_with_model_artifact",
            "module.huggingface_sagemaker.data.aws_iam_role.get_role",
            "module.huggingface_sagemaker.data.aws_sagemaker_prebuilt_ecr_image.deploy_image",
            "module.huggingface_sagemaker.random_string.ressource_id"
          ]
        }
      ]
    },
    {
      "module": "module.huggingface_sagemaker",
      "mode": "managed",
      "type": "aws_appautoscaling_target",
      "name": "sagemaker_target",
      "provider": "provider[\"registry.terraform.io/hashicorp/aws\"]",
      "instances": [
        {
          "index_key": 0,
          "schema_version": 0,
          "attributes": {
            "arn": "arn:aws:application-autoscaling:us-east-1:953009297807:scalable-target/056m152445b22ce1454590210b4445634d3b",
            "id": "endpoint/tangibly-llm-v1-ep-mrsnzkcv/variant/AllTraffic",
            "max_capacity": 1,
            "min_capacity": 0,
            "resource_id": "endpoint/tangibly-llm-v1-ep-mrsnzkcv/variant/AllTraffic",
            "role_arn": "arn:aws:iam::953009297807:role/aws-service-role/sagemaker.application-autoscaling.amazonaws.com/AWSServiceRoleForApplicationAutoScaling_SageMakerEndpoint",
            "scalable_dimension": "sagemaker:variant:DesiredInstanceCount",
            "service_namespace": "sagemaker",
            "tags": null,
            "tags_all": {}
          },
          "sensitive_attributes": [],
          "private": "bnVsbA==",
          "dependencies": [
            "module.huggingface_sagemaker.aws_iam_role.new_role",
            "module.huggingface_sagemaker.aws_sagemaker_endpoint.huggingface",
            "module.huggingface_sagemaker.aws_sagemaker_endpoint_configuration.huggingface",
            "module.huggingface_sagemaker.aws_sagemaker_endpoint_configuration.huggingface_async",
            "module.huggingface_sagemaker.aws_sagemaker_endpoint_configuration.huggingface_serverless",
            "module.huggingface_sagemaker.aws_sagemaker_model.model_with_hub_model",
            "module.huggingface_sagemaker.aws_sagemaker_model.model_with_model_artifact",
            "module.huggingface_sagemaker.data.aws_iam_role.get_role",
            "module.huggingface_sagemaker.data.aws_sagemaker_prebuilt_ecr_image.deploy_image",
            "module.huggingface_sagemaker.random_string.ressource_id"
          ]
        }
      ]
    },
    {
      "module": "module.huggingface_sagemaker",
      "mode": "managed",
      "type": "aws_iam_role",
      "name": "new_role",
      "provider": "provider[\"registry.terraform.io/hashicorp/aws\"]",
      "instances": [
        {
          "index_key": 0,
          "schema_version": 0,
          "attributes": {
            "arn": "arn:aws:iam::953009297807:role/tangibly-llm-v1-sagemaker-execution-role-mrsnzkcv",
            "assume_role_policy": "{\"Statement\":[{\"Action\":\"sts:AssumeRole\",\"Effect\":\"Allow\",\"Principal\":{\"Service\":\"sagemaker.amazonaws.com\"}}],\"Version\":\"2012-10-17\"}",
            "create_date": "2023-09-24T09:58:56Z",
            "description": "",
            "force_detach_policies": false,
            "id": "tangibly-llm-v1-sagemaker-execution-role-mrsnzkcv",
            "inline_policy": [
              {
                "name": "terraform-inferences-policy",
                "policy": "{\"Version\":\"2012-10-17\",\"Statement\":[{\"Action\":[\"cloudwatch:PutMetricData\",\"logs:CreateLogStream\",\"logs:PutLogEvents\",\"logs:CreateLogGroup\",\"logs:DescribeLogStreams\",\"s3:GetObject\",\"s3:PutObject\",\"s3:ListBucket\",\"ecr:GetAuthorizationToken\",\"ecr:BatchCheckLayerAvailability\",\"ecr:GetDownloadUrlForLayer\",\"ecr:BatchGetImage\"],\"Effect\":\"Allow\",\"Resource\":\"*\"}]}"
              }
            ],
            "managed_policy_arns": [],
            "max_session_duration": 3600,
            "name": "tangibly-llm-v1-sagemaker-execution-role-mrsnzkcv",
            "name_prefix": "",
            "path": "/",
            "permissions_boundary": null,
            "tags": null,
            "tags_all": {},
            "unique_id": "AROA53Y6H3GHY6XZMJJKS"
          },
          "sensitive_attributes": [],
          "private": "bnVsbA==",
          "dependencies": [
            "module.huggingface_sagemaker.random_string.ressource_id"
          ]
        }
      ]
    },
    {
      "module": "module.huggingface_sagemaker",
      "mode": "managed",
      "type": "aws_sagemaker_endpoint",
      "name": "huggingface",
      "provider": "provider[\"registry.terraform.io/hashicorp/aws\"]",
      "instances": [
        {
          "schema_version": 0,
          "attributes": {
            "arn": "arn:aws:sagemaker:us-east-1:953009297807:endpoint/tangibly-llm-v1-ep-mrsnzkcv",
            "deployment_config": [],
            "endpoint_config_name": "tangibly-llm-v1-ep-config-mrsnzkcv",
            "id": "tangibly-llm-v1-ep-mrsnzkcv",
            "name": "tangibly-llm-v1-ep-mrsnzkcv",
            "tags": null,
            "tags_all": {}
          },
          "sensitive_attributes": [],
          "private": "bnVsbA==",
          "dependencies": [
            "module.huggingface_sagemaker.aws_iam_role.new_role",
            "module.huggingface_sagemaker.aws_sagemaker_endpoint_configuration.huggingface",
            "module.huggingface_sagemaker.aws_sagemaker_endpoint_configuration.huggingface_async",
            "module.huggingface_sagemaker.aws_sagemaker_endpoint_configuration.huggingface_serverless",
            "module.huggingface_sagemaker.aws_sagemaker_model.model_with_hub_model",
            "module.huggingface_sagemaker.aws_sagemaker_model.model_with_model_artifact",
            "module.huggingface_sagemaker.data.aws_iam_role.get_role",
            "module.huggingface_sagemaker.data.aws_sagemaker_prebuilt_ecr_image.deploy_image",
            "module.huggingface_sagemaker.random_string.ressource_id"
          ]
        }
      ]
    },
    {
      "module": "module.huggingface_sagemaker",
      "mode": "managed",
      "type": "aws_sagemaker_endpoint_configuration",
      "name": "huggingface_async",
      "provider": "provider[\"registry.terraform.io/hashicorp/aws\"]",
      "instances": [
        {
          "index_key": 0,
          "schema_version": 0,
          "attributes": {
            "arn": "arn:aws:sagemaker:us-east-1:953009297807:endpoint-config/tangibly-llm-v1-ep-config-mrsnzkcv",
            "async_inference_config": [
              {
                "client_config": [],
                "output_config": [
                  {
                    "kms_key_id": "",
                    "notification_config": [],
                    "s3_failure_path": "",
                    "s3_output_path": "s3://sagemaker-model-inference/outputs"
                  }
                ]
              }
            ],
            "data_capture_config": [],
            "id": "tangibly-llm-v1-ep-config-mrsnzkcv",
            "kms_key_arn": "",
            "name": "tangibly-llm-v1-ep-config-mrsnzkcv",
            "name_prefix": "",
            "production_variants": [
              {
                "accelerator_type": "",
                "container_startup_health_check_timeout_in_seconds": 0,
                "core_dump_config": [],
                "enable_ssm_access": false,
                "initial_instance_count": 1,
                "initial_variant_weight": 1,
                "instance_type": "ml.g5.12xlarge",
                "model_data_download_timeout_in_seconds": 0,
                "model_name": "tangibly-llm-v1-model-mrsnzkcv",
                "serverless_config": [],
                "variant_name": "AllTraffic",
                "volume_size_in_gb": 0
              }
            ],
            "shadow_production_variants": [],
            "tags": null,
            "tags_all": {}
          },
          "sensitive_attributes": [],
          "private": "bnVsbA==",
          "dependencies": [
            "module.huggingface_sagemaker.aws_iam_role.new_role",
            "module.huggingface_sagemaker.aws_sagemaker_model.model_with_hub_model",
            "module.huggingface_sagemaker.aws_sagemaker_model.model_with_model_artifact",
            "module.huggingface_sagemaker.data.aws_iam_role.get_role",
            "module.huggingface_sagemaker.data.aws_sagemaker_prebuilt_ecr_image.deploy_image",
            "module.huggingface_sagemaker.random_string.ressource_id"
          ]
        }
      ]
    },
    {
      "module": "module.huggingface_sagemaker",
      "mode": "managed",
      "type": "aws_sagemaker_model",
      "name": "model_with_hub_model",
      "provider": "provider[\"registry.terraform.io/hashicorp/aws\"]",
      "instances": [
        {
          "index_key": 0,
          "schema_version": 0,
          "attributes": {
            "arn": "arn:aws:sagemaker:us-east-1:953009297807:model/tangibly-llm-v1-model-mrsnzkcv",
            "container": [],
            "enable_network_isolation": false,
            "execution_role_arn": "arn:aws:iam::953009297807:role/tangibly-llm-v1-sagemaker-execution-role-mrsnzkcv",
            "id": "tangibly-llm-v1-model-mrsnzkcv",
            "inference_execution_config": [],
            "name": "tangibly-llm-v1-model-mrsnzkcv",
            "primary_container": [
              {
                "container_hostname": "",
                "environment": {
                  "HF_API_TOKEN": "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",
                  "HF_MODEL_ID": "Moveo/tangibly-patents",
                  "HF_MODEL_QUANTIZE": "bitsandbytes",
                  "HF_TASK": "text-generation",
                  "MAX_INPUT_LENGTH": "1536",
                  "MAX_TOTAL_TOKENS": "2048",
                  "SM_NUM_GPUS": "4"
                },
                "image": "763104351884.dkr.ecr.us-east-1.amazonaws.com/huggingface-pytorch-tgi-inference:2.0.1-tgi0.9.3-gpu-py39-cu118-ubuntu20.04",
                "image_config": [],
                "mode": "SingleModel",
                "model_data_url": "",
                "model_package_name": ""
              }
            ],
            "tags": null,
            "tags_all": {},
            "vpc_config": []
          },
          "sensitive_attributes": [],
          "private": "bnVsbA==",
          "dependencies": [
            "module.huggingface_sagemaker.aws_iam_role.new_role",
            "module.huggingface_sagemaker.data.aws_iam_role.get_role",
            "module.huggingface_sagemaker.data.aws_sagemaker_prebuilt_ecr_image.deploy_image",
            "module.huggingface_sagemaker.random_string.ressource_id"
          ]
        }
      ]
    },
    {
      "module": "module.huggingface_sagemaker",
      "mode": "managed",
      "type": "random_string",
      "name": "ressource_id",
      "provider": "provider[\"registry.terraform.io/hashicorp/random\"]",
      "instances": [
        {
          "schema_version": 2,
          "attributes": {
            "id": "mrsnzkcv",
            "keepers": null,
            "length": 8,
            "lower": true,
            "min_lower": 0,
            "min_numeric": 0,
            "min_special": 0,
            "min_upper": 0,
            "number": false,
            "numeric": false,
            "override_special": null,
            "result": "mrsnzkcv",
            "special": false,
            "upper": false
          },
          "sensitive_attributes": []
        }
      ]
    }
  ],
  "check_results": null
}
