{
  "version": 4,
  "terraform_version": "1.5.6",
  "serial": 6,
  "lineage": "81c69fe4-c5ba-f542-025e-2eb21049fb66",
  "outputs": {},
  "resources": [
    {
      "module": "module.huggingface_sagemaker",
      "mode": "data",
      "type": "aws_sagemaker_prebuilt_ecr_image",
      "name": "deploy_image",
      "provider": "provider[\"registry.terraform.io/hashicorp/aws\"]",
      "instances": [
        {
          "index_key": 0,
          "schema_version": 0,
          "attributes": {
            "dns_suffix": null,
            "id": "763104351884",
            "image_tag": "1.9.1-transformers4.12.3-gpu-py38-cu111-ubuntu20.04",
            "region": null,
            "registry_id": "763104351884",
            "registry_path": "763104351884.dkr.ecr.us-east-1.amazonaws.com/huggingface-pytorch-inference:1.9.1-transformers4.12.3-gpu-py38-cu111-ubuntu20.04",
            "repository_name": "huggingface-pytorch-inference"
          },
          "sensitive_attributes": []
        }
      ]
    },
    {
      "module": "module.huggingface_sagemaker",
      "mode": "managed",
      "type": "aws_iam_role",
      "name": "new_role",
      "provider": "provider[\"registry.terraform.io/hashicorp/aws\"]",
      "instances": [
        {
          "index_key": 0,
          "schema_version": 0,
          "attributes": {
            "arn": "arn:aws:iam::953009297807:role/deploy-hub-sagemaker-execution-role-ocuymwnp",
            "assume_role_policy": "{\"Statement\":[{\"Action\":\"sts:AssumeRole\",\"Effect\":\"Allow\",\"Principal\":{\"Service\":\"sagemaker.amazonaws.com\"}}],\"Version\":\"2012-10-17\"}",
            "create_date": "2023-09-04T13:48:06Z",
            "description": "",
            "force_detach_policies": false,
            "id": "deploy-hub-sagemaker-execution-role-ocuymwnp",
            "inline_policy": [
              {
                "name": "terraform-inferences-policy",
                "policy": "{\"Version\":\"2012-10-17\",\"Statement\":[{\"Action\":[\"cloudwatch:PutMetricData\",\"logs:CreateLogStream\",\"logs:PutLogEvents\",\"logs:CreateLogGroup\",\"logs:DescribeLogStreams\",\"s3:GetObject\",\"s3:PutObject\",\"s3:ListBucket\",\"ecr:GetAuthorizationToken\",\"ecr:BatchCheckLayerAvailability\",\"ecr:GetDownloadUrlForLayer\",\"ecr:BatchGetImage\"],\"Effect\":\"Allow\",\"Resource\":\"*\"}]}"
              }
            ],
            "managed_policy_arns": [],
            "max_session_duration": 3600,
            "name": "deploy-hub-sagemaker-execution-role-ocuymwnp",
            "name_prefix": "",
            "path": "/",
            "permissions_boundary": null,
            "tags": null,
            "tags_all": {},
            "unique_id": "AROA53Y6H3GHW2WKVNKSR"
          },
          "sensitive_attributes": [],
          "private": "bnVsbA==",
          "dependencies": [
            "module.huggingface_sagemaker.random_string.ressource_id"
          ]
        }
      ]
    },
    {
      "module": "module.huggingface_sagemaker",
      "mode": "managed",
      "type": "aws_sagemaker_endpoint",
      "name": "huggingface",
      "provider": "provider[\"registry.terraform.io/hashicorp/aws\"]",
      "instances": [
        {
          "schema_version": 0,
          "attributes": {
            "arn": "arn:aws:sagemaker:us-east-1:953009297807:endpoint/deploy-hub-ep-ocuymwnp",
            "deployment_config": [],
            "endpoint_config_name": "deploy-hub-ep-config-ocuymwnp",
            "id": "deploy-hub-ep-ocuymwnp",
            "name": "deploy-hub-ep-ocuymwnp",
            "tags": null,
            "tags_all": {}
          },
          "sensitive_attributes": [],
          "private": "bnVsbA==",
          "dependencies": [
            "module.huggingface_sagemaker.aws_iam_role.new_role",
            "module.huggingface_sagemaker.aws_sagemaker_endpoint_configuration.huggingface",
            "module.huggingface_sagemaker.aws_sagemaker_endpoint_configuration.huggingface_async",
            "module.huggingface_sagemaker.aws_sagemaker_endpoint_configuration.huggingface_serverless",
            "module.huggingface_sagemaker.aws_sagemaker_model.model_with_hub_model",
            "module.huggingface_sagemaker.aws_sagemaker_model.model_with_model_artifact",
            "module.huggingface_sagemaker.data.aws_iam_role.get_role",
            "module.huggingface_sagemaker.data.aws_sagemaker_prebuilt_ecr_image.deploy_image",
            "module.huggingface_sagemaker.random_string.ressource_id"
          ]
        }
      ]
    },
    {
      "module": "module.huggingface_sagemaker",
      "mode": "managed",
      "type": "aws_sagemaker_endpoint_configuration",
      "name": "huggingface",
      "provider": "provider[\"registry.terraform.io/hashicorp/aws\"]",
      "instances": [
        {
          "index_key": 0,
          "schema_version": 0,
          "attributes": {
            "arn": "arn:aws:sagemaker:us-east-1:953009297807:endpoint-config/deploy-hub-ep-config-ocuymwnp",
            "async_inference_config": [],
            "data_capture_config": [],
            "id": "deploy-hub-ep-config-ocuymwnp",
            "kms_key_arn": "",
            "name": "deploy-hub-ep-config-ocuymwnp",
            "name_prefix": "",
            "production_variants": [
              {
                "accelerator_type": "",
                "container_startup_health_check_timeout_in_seconds": 0,
                "core_dump_config": [],
                "enable_ssm_access": false,
                "initial_instance_count": 1,
                "initial_variant_weight": 1,
                "instance_type": "ml.g4dn.xlarge",
                "model_data_download_timeout_in_seconds": 0,
                "model_name": "deploy-hub-model-ocuymwnp",
                "serverless_config": [],
                "variant_name": "AllTraffic",
                "volume_size_in_gb": 0
              }
            ],
            "shadow_production_variants": [],
            "tags": null,
            "tags_all": {}
          },
          "sensitive_attributes": [],
          "private": "bnVsbA==",
          "dependencies": [
            "module.huggingface_sagemaker.aws_iam_role.new_role",
            "module.huggingface_sagemaker.aws_sagemaker_model.model_with_hub_model",
            "module.huggingface_sagemaker.aws_sagemaker_model.model_with_model_artifact",
            "module.huggingface_sagemaker.data.aws_iam_role.get_role",
            "module.huggingface_sagemaker.data.aws_sagemaker_prebuilt_ecr_image.deploy_image",
            "module.huggingface_sagemaker.random_string.ressource_id"
          ]
        }
      ]
    },
    {
      "module": "module.huggingface_sagemaker",
      "mode": "managed",
      "type": "aws_sagemaker_model",
      "name": "model_with_hub_model",
      "provider": "provider[\"registry.terraform.io/hashicorp/aws\"]",
      "instances": [
        {
          "index_key": 0,
          "schema_version": 0,
          "attributes": {
            "arn": "arn:aws:sagemaker:us-east-1:953009297807:model/deploy-hub-model-ocuymwnp",
            "container": [],
            "enable_network_isolation": false,
            "execution_role_arn": "arn:aws:iam::953009297807:role/deploy-hub-sagemaker-execution-role-ocuymwnp",
            "id": "deploy-hub-model-ocuymwnp",
            "inference_execution_config": [],
            "name": "deploy-hub-model-ocuymwnp",
            "primary_container": [
              {
                "container_hostname": "",
                "environment": {
                  "HF_MODEL_ID": "distilbert-base-uncased-finetuned-sst-2-english",
                  "HF_MODEL_QUANTIZE": "bitsandbytes",
                  "HF_TASK": "text-classification",
                  "MAX_INPUT_LENGTH": "1024",
                  "MAX_TOTAL_TOKENS": "2048",
                  "SM_NUM_GPUS": "4"
                },
                "image": "763104351884.dkr.ecr.us-east-1.amazonaws.com/huggingface-pytorch-inference:1.9.1-transformers4.12.3-gpu-py38-cu111-ubuntu20.04",
                "image_config": [],
                "mode": "SingleModel",
                "model_data_url": "",
                "model_package_name": ""
              }
            ],
            "tags": null,
            "tags_all": {},
            "vpc_config": []
          },
          "sensitive_attributes": [],
          "private": "bnVsbA==",
          "dependencies": [
            "module.huggingface_sagemaker.aws_iam_role.new_role",
            "module.huggingface_sagemaker.data.aws_iam_role.get_role",
            "module.huggingface_sagemaker.data.aws_sagemaker_prebuilt_ecr_image.deploy_image",
            "module.huggingface_sagemaker.random_string.ressource_id"
          ]
        }
      ]
    },
    {
      "module": "module.huggingface_sagemaker",
      "mode": "managed",
      "type": "random_string",
      "name": "ressource_id",
      "provider": "provider[\"registry.terraform.io/hashicorp/random\"]",
      "instances": [
        {
          "schema_version": 2,
          "attributes": {
            "id": "ocuymwnp",
            "keepers": null,
            "length": 8,
            "lower": true,
            "min_lower": 0,
            "min_numeric": 0,
            "min_special": 0,
            "min_upper": 0,
            "number": false,
            "numeric": false,
            "override_special": null,
            "result": "ocuymwnp",
            "special": false,
            "upper": false
          },
          "sensitive_attributes": []
        }
      ]
    }
  ],
  "check_results": null
}
