{
  "version": 4,
  "terraform_version": "1.5.6",
  "serial": 224,
  "lineage": "00bf7a12-4813-63ae-dc7b-362d1aa6a031",
  "outputs": {},
  "resources": [
    {
      "mode": "managed",
      "type": "aws_kms_key",
      "name": "llm_key",
      "provider": "provider[\"registry.terraform.io/hashicorp/aws\"]",
      "instances": [
        {
          "schema_version": 0,
          "attributes": {
            "arn": "arn:aws:kms:us-east-1:953009297807:key/23518683-4b42-45f6-b957-446d0dd234e7",
            "bypass_policy_lockout_safety_check": false,
            "custom_key_store_id": "",
            "customer_master_key_spec": "SYMMETRIC_DEFAULT",
            "deletion_window_in_days": 10,
            "description": "This key is used to encrypt bucket objects",
            "enable_key_rotation": true,
            "id": "23518683-4b42-45f6-b957-446d0dd234e7",
            "is_enabled": true,
            "key_id": "23518683-4b42-45f6-b957-446d0dd234e7",
            "key_usage": "ENCRYPT_DECRYPT",
            "multi_region": false,
            "policy": "{\"Id\":\"key-default-1\",\"Statement\":[{\"Action\":\"kms:*\",\"Effect\":\"Allow\",\"Principal\":{\"AWS\":\"arn:aws:iam::953009297807:root\"},\"Resource\":\"*\",\"Sid\":\"Enable IAM User Permissions\"}],\"Version\":\"2012-10-17\"}",
            "tags": null,
            "tags_all": {}
          },
          "sensitive_attributes": [],
          "private": "bnVsbA=="
        }
      ]
    },
    {
      "mode": "managed",
      "type": "aws_s3_bucket",
      "name": "async_inference_bucket",
      "provider": "provider[\"registry.terraform.io/hashicorp/aws\"]",
      "instances": [
        {
          "schema_version": 0,
          "attributes": {
            "acceleration_status": "",
            "acl": null,
            "arn": "arn:aws:s3:::tangibly-llm-inference-staging",
            "bucket": "tangibly-llm-inference-staging",
            "bucket_domain_name": "tangibly-llm-inference-staging.s3.amazonaws.com",
            "bucket_prefix": "",
            "bucket_regional_domain_name": "tangibly-llm-inference-staging.s3.us-east-1.amazonaws.com",
            "cors_rule": [],
            "force_destroy": false,
            "grant": [
              {
                "id": "4651044932dc07ba296ab7f7cde3ee0dff9fdb8783ad3482366408f2e5be4afd",
                "permissions": [
                  "FULL_CONTROL"
                ],
                "type": "CanonicalUser",
                "uri": ""
              }
            ],
            "hosted_zone_id": "Z3AQBSTGFYJSTF",
            "id": "tangibly-llm-inference-staging",
            "lifecycle_rule": [
              {
                "abort_incomplete_multipart_upload_days": 0,
                "enabled": true,
                "expiration": [
                  {
                    "date": "",
                    "days": 1,
                    "expired_object_delete_marker": false
                  }
                ],
                "id": "auto-delete-objects",
                "noncurrent_version_expiration": [],
                "noncurrent_version_transition": [],
                "prefix": "",
                "tags": {},
                "transition": []
              }
            ],
            "logging": [],
            "object_lock_configuration": [],
            "object_lock_enabled": false,
            "policy": "",
            "region": "us-east-1",
            "replication_configuration": [],
            "request_payer": "BucketOwner",
            "server_side_encryption_configuration": [
              {
                "rule": [
                  {
                    "apply_server_side_encryption_by_default": [
                      {
                        "kms_master_key_id": "arn:aws:kms:us-east-1:953009297807:key/23518683-4b42-45f6-b957-446d0dd234e7",
                        "sse_algorithm": "aws:kms"
                      }
                    ],
                    "bucket_key_enabled": false
                  }
                ]
              }
            ],
            "tags": null,
            "tags_all": {},
            "timeouts": null,
            "versioning": [
              {
                "enabled": false,
                "mfa_delete": false
              }
            ],
            "website": [],
            "website_domain": null,
            "website_endpoint": null
          },
          "sensitive_attributes": [],
          "private": "eyJlMmJmYjczMC1lY2FhLTExZTYtOGY4OC0zNDM2M2JjN2M0YzAiOnsiY3JlYXRlIjoxMjAwMDAwMDAwMDAwLCJkZWxldGUiOjM2MDAwMDAwMDAwMDAsInJlYWQiOjEyMDAwMDAwMDAwMDAsInVwZGF0ZSI6MTIwMDAwMDAwMDAwMH19"
        }
      ]
    },
    {
      "mode": "managed",
      "type": "aws_s3_bucket_lifecycle_configuration",
      "name": "bucket-config",
      "provider": "provider[\"registry.terraform.io/hashicorp/aws\"]",
      "instances": [
        {
          "schema_version": 0,
          "attributes": {
            "bucket": "tangibly-llm-inference-staging",
            "expected_bucket_owner": "",
            "id": "tangibly-llm-inference-staging",
            "rule": [
              {
                "abort_incomplete_multipart_upload": [],
                "expiration": [
                  {
                    "date": "",
                    "days": 1,
                    "expired_object_delete_marker": false
                  }
                ],
                "filter": [
                  {
                    "and": [],
                    "object_size_greater_than": "",
                    "object_size_less_than": "",
                    "prefix": "",
                    "tag": []
                  }
                ],
                "id": "auto-delete-objects",
                "noncurrent_version_expiration": [],
                "noncurrent_version_transition": [],
                "prefix": "",
                "status": "Enabled",
                "transition": []
              }
            ]
          },
          "sensitive_attributes": [],
          "private": "bnVsbA=="
        }
      ]
    },
    {
      "mode": "managed",
      "type": "aws_s3_bucket_server_side_encryption_configuration",
      "name": "kms_config",
      "provider": "provider[\"registry.terraform.io/hashicorp/aws\"]",
      "instances": [
        {
          "schema_version": 0,
          "attributes": {
            "bucket": "tangibly-llm-inference-staging",
            "expected_bucket_owner": "",
            "id": "tangibly-llm-inference-staging",
            "rule": [
              {
                "apply_server_side_encryption_by_default": [
                  {
                    "kms_master_key_id": "arn:aws:kms:us-east-1:953009297807:key/23518683-4b42-45f6-b957-446d0dd234e7",
                    "sse_algorithm": "aws:kms"
                  }
                ],
                "bucket_key_enabled": null
              }
            ]
          },
          "sensitive_attributes": [],
          "private": "bnVsbA==",
          "dependencies": [
            "aws_kms_key.llm_key"
          ]
        }
      ]
    },
    {
      "module": "module.huggingface_sagemaker",
      "mode": "managed",
      "type": "aws_appautoscaling_policy",
      "name": "sagemaker_custom_policy",
      "provider": "provider[\"registry.terraform.io/hashicorp/aws\"]",
      "instances": [
        {
          "index_key": 0,
          "schema_version": 0,
          "attributes": {
            "alarm_arns": [
              "arn:aws:cloudwatch:us-east-1:953009297807:alarm:TargetTracking-endpoint/llm-v110-staging-ep-jstkuksa/variant/AllTraffic-AlarmHigh-fc04cf25-5719-4f61-b214-fc90695d6d53",
              "arn:aws:cloudwatch:us-east-1:953009297807:alarm:TargetTracking-endpoint/llm-v110-staging-ep-jstkuksa/variant/AllTraffic-AlarmLow-59e091aa-8873-4375-b5ea-f53790505b6f"
            ],
            "arn": "arn:aws:autoscaling:us-east-1:953009297807:scalingPolicy:916fea60-2830-4e96-98a6-9337d7fbb10a:resource/sagemaker/endpoint/llm-v110-staging-ep-jstkuksa/variant/AllTraffic:policyName/llm-v110-staging-scaling-target-jstkuksa",
            "id": "llm-v110-staging-scaling-target-jstkuksa",
            "name": "llm-v110-staging-scaling-target-jstkuksa",
            "policy_type": "TargetTrackingScaling",
            "resource_id": "endpoint/llm-v110-staging-ep-jstkuksa/variant/AllTraffic",
            "scalable_dimension": "sagemaker:variant:DesiredInstanceCount",
            "service_namespace": "sagemaker",
            "step_scaling_policy_configuration": [],
            "target_tracking_scaling_policy_configuration": [
              {
                "customized_metric_specification": [
                  {
                    "dimensions": [
                      {
                        "name": "EndpointName",
                        "value": "llm-v110-staging-ep-jstkuksa"
                      }
                    ],
                    "metric_name": "HasBacklogWithoutCapacity",
                    "metrics": [],
                    "namespace": "AWS/SageMaker",
                    "statistic": "Maximum",
                    "unit": ""
                  }
                ],
                "disable_scale_in": false,
                "predefined_metric_specification": [],
                "scale_in_cooldown": 5,
                "scale_out_cooldown": 1800,
                "target_value": 0.5
              }
            ]
          },
          "sensitive_attributes": [],
          "private": "bnVsbA==",
          "dependencies": [
            "aws_kms_key.llm_key",
            "module.huggingface_sagemaker.aws_appautoscaling_target.sagemaker_target",
            "module.huggingface_sagemaker.aws_iam_role.new_role",
            "module.huggingface_sagemaker.aws_sagemaker_endpoint.huggingface",
            "module.huggingface_sagemaker.aws_sagemaker_endpoint_configuration.huggingface",
            "module.huggingface_sagemaker.aws_sagemaker_endpoint_configuration.huggingface_async",
            "module.huggingface_sagemaker.aws_sagemaker_endpoint_configuration.huggingface_serverless",
            "module.huggingface_sagemaker.aws_sagemaker_model.model_with_hub_model",
            "module.huggingface_sagemaker.aws_sagemaker_model.model_with_model_artifact",
            "module.huggingface_sagemaker.data.aws_iam_role.get_role",
            "module.huggingface_sagemaker.data.aws_sagemaker_prebuilt_ecr_image.deploy_image",
            "module.huggingface_sagemaker.random_string.ressource_id"
          ]
        }
      ]
    },
    {
      "module": "module.huggingface_sagemaker",
      "mode": "managed",
      "type": "aws_appautoscaling_target",
      "name": "sagemaker_target",
      "provider": "provider[\"registry.terraform.io/hashicorp/aws\"]",
      "instances": [
        {
          "index_key": 0,
          "schema_version": 0,
          "attributes": {
            "arn": "arn:aws:application-autoscaling:us-east-1:953009297807:scalable-target/056m916fea6028304e9698a69337d7fbb10a",
            "id": "endpoint/llm-v110-staging-ep-jstkuksa/variant/AllTraffic",
            "max_capacity": 1,
            "min_capacity": 0,
            "resource_id": "endpoint/llm-v110-staging-ep-jstkuksa/variant/AllTraffic",
            "role_arn": "arn:aws:iam::953009297807:role/aws-service-role/sagemaker.application-autoscaling.amazonaws.com/AWSServiceRoleForApplicationAutoScaling_SageMakerEndpoint",
            "scalable_dimension": "sagemaker:variant:DesiredInstanceCount",
            "service_namespace": "sagemaker",
            "tags": null,
            "tags_all": {}
          },
          "sensitive_attributes": [],
          "private": "bnVsbA==",
          "dependencies": [
            "aws_kms_key.llm_key",
            "module.huggingface_sagemaker.aws_iam_role.new_role",
            "module.huggingface_sagemaker.aws_sagemaker_endpoint.huggingface",
            "module.huggingface_sagemaker.aws_sagemaker_endpoint_configuration.huggingface",
            "module.huggingface_sagemaker.aws_sagemaker_endpoint_configuration.huggingface_async",
            "module.huggingface_sagemaker.aws_sagemaker_endpoint_configuration.huggingface_serverless",
            "module.huggingface_sagemaker.aws_sagemaker_model.model_with_hub_model",
            "module.huggingface_sagemaker.aws_sagemaker_model.model_with_model_artifact",
            "module.huggingface_sagemaker.data.aws_iam_role.get_role",
            "module.huggingface_sagemaker.data.aws_sagemaker_prebuilt_ecr_image.deploy_image",
            "module.huggingface_sagemaker.random_string.ressource_id"
          ]
        }
      ]
    },
    {
      "module": "module.huggingface_sagemaker",
      "mode": "managed",
      "type": "aws_iam_role",
      "name": "new_role",
      "provider": "provider[\"registry.terraform.io/hashicorp/aws\"]",
      "instances": [
        {
          "index_key": 0,
          "schema_version": 0,
          "attributes": {
            "arn": "arn:aws:iam::953009297807:role/llm-v110-staging-sagemaker-execution-role-jstkuksa",
            "assume_role_policy": "{\"Statement\":[{\"Action\":\"sts:AssumeRole\",\"Effect\":\"Allow\",\"Principal\":{\"Service\":\"sagemaker.amazonaws.com\"}}],\"Version\":\"2012-10-17\"}",
            "create_date": "2023-10-03T13:08:43Z",
            "description": "",
            "force_detach_policies": false,
            "id": "llm-v110-staging-sagemaker-execution-role-jstkuksa",
            "inline_policy": [
              {
                "name": "terraform-inferences-policy",
                "policy": "{\"Version\":\"2012-10-17\",\"Statement\":[{\"Action\":[\"cloudwatch:PutMetricData\",\"logs:CreateLogStream\",\"logs:PutLogEvents\",\"logs:CreateLogGroup\",\"logs:DescribeLogStreams\",\"s3:GetObject\",\"s3:PutObject\",\"s3:ListBucket\",\"ecr:GetAuthorizationToken\",\"ecr:BatchCheckLayerAvailability\",\"ecr:GetDownloadUrlForLayer\",\"ecr:BatchGetImage\",\"ec2:DescribeVpcEndpoints\",\"ec2:DescribeDhcpOptions\",\"ec2:DescribeVpcs\",\"ec2:DescribeSubnets\",\"ec2:DescribeSecurityGroups\",\"ec2:DescribeNetworkInterfaces\",\"ec2:DeleteNetworkInterfacePermission\",\"ec2:DeleteNetworkInterface\",\"ec2:CreateNetworkInterfacePermission\",\"ec2:CreateNetworkInterface\"],\"Effect\":\"Allow\",\"Resource\":\"*\"},{\"Action\":[\"kms:*\"],\"Effect\":\"Allow\",\"Resource\":\"arn:aws:kms:us-east-1:953009297807:key/23518683-4b42-45f6-b957-446d0dd234e7\"}]}"
              }
            ],
            "managed_policy_arns": [],
            "max_session_duration": 3600,
            "name": "llm-v110-staging-sagemaker-execution-role-jstkuksa",
            "name_prefix": "",
            "path": "/",
            "permissions_boundary": null,
            "tags": null,
            "tags_all": {},
            "unique_id": "AROA53Y6H3GHZUCPLKFMB"
          },
          "sensitive_attributes": [],
          "private": "bnVsbA==",
          "dependencies": [
            "aws_kms_key.llm_key",
            "module.huggingface_sagemaker.random_string.ressource_id"
          ]
        }
      ]
    },
    {
      "module": "module.huggingface_sagemaker",
      "mode": "managed",
      "type": "aws_sagemaker_endpoint",
      "name": "huggingface",
      "provider": "provider[\"registry.terraform.io/hashicorp/aws\"]",
      "instances": [
        {
          "schema_version": 0,
          "attributes": {
            "arn": "arn:aws:sagemaker:us-east-1:953009297807:endpoint/llm-v110-staging-ep-jstkuksa",
            "deployment_config": [],
            "endpoint_config_name": "llm-v110-staging-ep-config-jstkuksa",
            "id": "llm-v110-staging-ep-jstkuksa",
            "name": "llm-v110-staging-ep-jstkuksa",
            "tags": null,
            "tags_all": {}
          },
          "sensitive_attributes": [],
          "private": "bnVsbA==",
          "dependencies": [
            "aws_kms_key.llm_key",
            "module.huggingface_sagemaker.aws_iam_role.new_role",
            "module.huggingface_sagemaker.aws_sagemaker_endpoint_configuration.huggingface",
            "module.huggingface_sagemaker.aws_sagemaker_endpoint_configuration.huggingface_async",
            "module.huggingface_sagemaker.aws_sagemaker_endpoint_configuration.huggingface_serverless",
            "module.huggingface_sagemaker.aws_sagemaker_model.model_with_hub_model",
            "module.huggingface_sagemaker.aws_sagemaker_model.model_with_model_artifact",
            "module.huggingface_sagemaker.data.aws_iam_role.get_role",
            "module.huggingface_sagemaker.data.aws_sagemaker_prebuilt_ecr_image.deploy_image",
            "module.huggingface_sagemaker.random_string.ressource_id"
          ]
        }
      ]
    },
    {
      "module": "module.huggingface_sagemaker",
      "mode": "managed",
      "type": "aws_sagemaker_endpoint_configuration",
      "name": "huggingface_async",
      "provider": "provider[\"registry.terraform.io/hashicorp/aws\"]",
      "instances": [
        {
          "index_key": 0,
          "schema_version": 0,
          "attributes": {
            "arn": "arn:aws:sagemaker:us-east-1:953009297807:endpoint-config/llm-v110-staging-ep-config-jstkuksa",
            "async_inference_config": [
              {
                "client_config": [],
                "output_config": [
                  {
                    "kms_key_id": "arn:aws:kms:us-east-1:953009297807:key/23518683-4b42-45f6-b957-446d0dd234e7",
                    "notification_config": [],
                    "s3_failure_path": "",
                    "s3_output_path": "s3://tangibly-llm-inference-staging/outputs"
                  }
                ]
              }
            ],
            "data_capture_config": [],
            "id": "llm-v110-staging-ep-config-jstkuksa",
            "kms_key_arn": "",
            "name": "llm-v110-staging-ep-config-jstkuksa",
            "name_prefix": "",
            "production_variants": [
              {
                "accelerator_type": "",
                "container_startup_health_check_timeout_in_seconds": 0,
                "core_dump_config": [],
                "enable_ssm_access": false,
                "initial_instance_count": 1,
                "initial_variant_weight": 1,
                "instance_type": "ml.g5.12xlarge",
                "model_data_download_timeout_in_seconds": 0,
                "model_name": "llm-v110-staging-model-jstkuksa",
                "serverless_config": [],
                "variant_name": "AllTraffic",
                "volume_size_in_gb": 0
              }
            ],
            "shadow_production_variants": [],
            "tags": null,
            "tags_all": {}
          },
          "sensitive_attributes": [],
          "private": "bnVsbA==",
          "dependencies": [
            "aws_kms_key.llm_key",
            "module.huggingface_sagemaker.aws_iam_role.new_role",
            "module.huggingface_sagemaker.aws_sagemaker_model.model_with_hub_model",
            "module.huggingface_sagemaker.aws_sagemaker_model.model_with_model_artifact",
            "module.huggingface_sagemaker.data.aws_iam_role.get_role",
            "module.huggingface_sagemaker.data.aws_sagemaker_prebuilt_ecr_image.deploy_image",
            "module.huggingface_sagemaker.random_string.ressource_id"
          ]
        }
      ]
    },
    {
      "module": "module.huggingface_sagemaker",
      "mode": "managed",
      "type": "aws_sagemaker_model",
      "name": "model_with_hub_model",
      "provider": "provider[\"registry.terraform.io/hashicorp/aws\"]",
      "instances": [
        {
          "index_key": 0,
          "schema_version": 0,
          "attributes": {
            "arn": "arn:aws:sagemaker:us-east-1:953009297807:model/llm-v110-staging-model-jstkuksa",
            "container": [],
            "enable_network_isolation": false,
            "execution_role_arn": "arn:aws:iam::953009297807:role/llm-v110-staging-sagemaker-execution-role-jstkuksa",
            "id": "llm-v110-staging-model-jstkuksa",
            "inference_execution_config": [],
            "name": "llm-v110-staging-model-jstkuksa",
            "primary_container": [
              {
                "container_hostname": "",
                "environment": {
                  "HF_API_TOKEN": "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",
                  "HF_MODEL_ID": "Moveo/tangibly-patents",
                  "HF_MODEL_QUANTIZE": "bitsandbytes",
                  "HF_TASK": "text-generation",
                  "MAX_INPUT_LENGTH": "1536",
                  "MAX_TOTAL_TOKENS": "2048",
                  "SM_NUM_GPUS": "4"
                },
                "image": "763104351884.dkr.ecr.us-east-1.amazonaws.com/huggingface-pytorch-tgi-inference:2.0.1-tgi0.9.3-gpu-py39-cu118-ubuntu20.04",
                "image_config": [],
                "mode": "SingleModel",
                "model_data_url": "",
                "model_package_name": ""
              }
            ],
            "tags": null,
            "tags_all": {},
            "vpc_config": [
              {
                "security_group_ids": [
                  "sg-06e2b6c9185fd6b4c"
                ],
                "subnets": [
                  "subnet-068a46d9ad42755cd"
                ]
              }
            ]
          },
          "sensitive_attributes": [],
          "private": "bnVsbA==",
          "dependencies": [
            "aws_kms_key.llm_key",
            "module.huggingface_sagemaker.aws_iam_role.new_role",
            "module.huggingface_sagemaker.data.aws_iam_role.get_role",
            "module.huggingface_sagemaker.data.aws_sagemaker_prebuilt_ecr_image.deploy_image",
            "module.huggingface_sagemaker.random_string.ressource_id"
          ]
        }
      ]
    },
    {
      "module": "module.huggingface_sagemaker",
      "mode": "managed",
      "type": "random_string",
      "name": "ressource_id",
      "provider": "provider[\"registry.terraform.io/hashicorp/random\"]",
      "instances": [
        {
          "schema_version": 2,
          "attributes": {
            "id": "jstkuksa",
            "keepers": null,
            "length": 8,
            "lower": true,
            "min_lower": 0,
            "min_numeric": 0,
            "min_special": 0,
            "min_upper": 0,
            "number": false,
            "numeric": false,
            "override_special": null,
            "result": "jstkuksa",
            "special": false,
            "upper": false
          },
          "sensitive_attributes": []
        }
      ]
    }
  ],
  "check_results": null
}
